
Microsoft Visual Studio Solution File, Format Version 12.00
# Visual Studio 15
VisualStudioVersion = 15.0.26124.0
MinimumVisualStudioVersion = 15.0.26124.0
Project("{FAE04EC0-301F-11D3-BF4B-00C04F79EFBC}") = "ProAgil.api", "ProAgil.api\ProAgil.api.csproj", "{F680124E-2A73-40E1-87DD-197A0DCACA37}"
EndProject
Project("{FAE04EC0-301F-11D3-BF4B-00C04F79EFBC}") = "ProAgil.Repository", "ProAgil.Repository\ProAgil.Repository.csproj", "{F36BCA8D-8D3C-483C-B915-6E5F0EE4D6BC}"
EndProject
Project("{FAE04EC0-301F-11D3-BF4B-00C04F79EFBC}") = "ProAgil.Domain", "ProAgil.Domain\ProAgil.Domain.csproj", "{99956D01-BC93-4174-AFE3-B2BF14F25E6A}"
EndProject
Global
	GlobalSection(SolutionConfigurationPlatforms) = preSolution
		Debug|Any CPU = Debug|Any CPU
		Debug|x64 = Debug|x64
		Debug|x86 = Debug|x86
		Release|Any CPU = Release|Any CPU
		Release|x64 = Release|x64
		Release|x86 = Release|x86
	EndGlobalSection
	GlobalSection(SolutionProperties) = preSolution
		HideSolutionNode = FALSE
	EndGlobalSection
	GlobalSection(ProjectConfigurationPlatforms) = postSolution
		{F680124E-2A73-40E1-87DD-197A0DCACA37}.Debug|Any CPU.ActiveCfg = Debug|Any CPU
		{F680124E-2A73-40E1-87DD-197A0DCACA37}.Debug|Any CPU.Build.0 = Debug|Any CPU
		{F680124E-2A73-40E1-87DD-197A0DCACA37}.Debug|x64.ActiveCfg = Debug|Any CPU
		{F680124E-2A73-40E1-87DD-197A0DCACA37}.Debug|x64.Build.0 = Debug|Any CPU
		{F680124E-2A73-40E1-87DD-197A0DCACA37}.Debug|x86.ActiveCfg = Debug|Any CPU
		{F680124E-2A73-40E1-87DD-197A0DCACA37}.Debug|x86.Build.0 = Debug|Any CPU
		{F680124E-2A73-40E1-87DD-197A0DCACA37}.Release|Any CPU.ActiveCfg = Release|Any CPU
		{F680124E-2A73-40E1-87DD-197A0DCACA37}.Release|Any CPU.Build.0 = Release|Any CPU
		{F680124E-2A73-40E1-87DD-197A0DCACA37}.Release|x64.ActiveCfg = Release|Any CPU
		{F680124E-2A73-40E1-87DD-197A0DCACA37}.Release|x64.Build.0 = Release|Any CPU
		{F680124E-2A73-40E1-87DD-197A0DCACA37}.Release|x86.ActiveCfg = Release|Any CPU
		{F680124E-2A73-40E1-87DD-197A0DCACA37}.Release|x86.Build.0 = Release|Any CPU
		{F36BCA8D-8D3C-483C-B915-6E5F0EE4D6BC}.Debug|Any CPU.ActiveCfg = Debug|Any CPU
		{F36BCA8D-8D3C-483C-B915-6E5F0EE4D6BC}.Debug|Any CPU.Build.0 = Debug|Any CPU
		{F36BCA8D-8D3C-483C-B915-6E5F0EE4D6BC}.Debug|x64.ActiveCfg = Debug|Any CPU
		{F36BCA8D-8D3C-483C-B915-6E5F0EE4D6BC}.Debug|x64.Build.0 = Debug|Any CPU
		{F36BCA8D-8D3C-483C-B915-6E5F0EE4D6BC}.Debug|x86.ActiveCfg = Debug|Any CPU
		{F36BCA8D-8D3C-483C-B915-6E5F0EE4D6BC}.Debug|x86.Build.0 = Debug|Any CPU
		{F36BCA8D-8D3C-483C-B915-6E5F0EE4D6BC}.Release|Any CPU.ActiveCfg = Release|Any CPU
		{F36BCA8D-8D3C-483C-B915-6E5F0EE4D6BC}.Release|Any CPU.Build.0 = Release|Any CPU
		{F36BCA8D-8D3C-483C-B915-6E5F0EE4D6BC}.Release|x64.ActiveCfg = Release|Any CPU
		{F36BCA8D-8D3C-483C-B915-6E5F0EE4D6BC}.Release|x64.Build.0 = Release|Any CPU
		{F36BCA8D-8D3C-483C-B915-6E5F0EE4D6BC}.Release|x86.ActiveCfg = Release|Any CPU
		{F36BCA8D-8D3C-483C-B915-6E5F0EE4D6BC}.Release|x86.Build.0 = Release|Any CPU
		{99956D01-BC93-4174-AFE3-B2BF14F25E6A}.Debug|Any CPU.ActiveCfg = Debug|Any CPU
		{99956D01-BC93-4174-AFE3-B2BF14F25E6A}.Debug|Any CPU.Build.0 = Debug|Any CPU
		{99956D01-BC93-4174-AFE3-B2BF14F25E6A}.Debug|x64.ActiveCfg = Debug|Any CPU
		{99956D01-BC93-4174-AFE3-B2BF14F25E6A}.Debug|x64.Build.0 = Debug|Any CPU
		{99956D01-BC93-4174-AFE3-B2BF14F25E6A}.Debug|x86.ActiveCfg = Debug|Any CPU
		{99956D01-BC93-4174-AFE3-B2BF14F25E6A}.Debug|x86.Build.0 = Debug|Any CPU
		{99956D01-BC93-4174-AFE3-B2BF14F25E6A}.Release|Any CPU.ActiveCfg = Release|Any CPU
		{99956D01-BC93-4174-AFE3-B2BF14F25E6A}.Release|Any CPU.Build.0 = Release|Any CPU
		{99956D01-BC93-4174-AFE3-B2BF14F25E6A}.Release|x64.ActiveCfg = Release|Any CPU
		{99956D01-BC93-4174-AFE3-B2BF14F25E6A}.Release|x64.Build.0 = Release|Any CPU
		{99956D01-BC93-4174-AFE3-B2BF14F25E6A}.Release|x86.ActiveCfg = Release|Any CPU
		{99956D01-BC93-4174-AFE3-B2BF14F25E6A}.Release|x86.Build.0 = Release|Any CPU
	EndGlobalSection
EndGlobal
